{
  "name": "classifieds",
  "version": "1.0.0",
  "lockfileVersion": 1,
  "requires": true,
  "dependencies": {
    "bootstrap": {
      "version": "4.0.0",
      "resolved": "https://apps.iu.edu/nxs-prd/content/groups/external-npm/bootstrap/-/bootstrap-4.0.0.tgz",
      "integrity": "sha512-gulJE5dGFo6Q61V/whS6VM4WIyrlydXfCgkE+Gxe5hjrJ8rXLLZlALq7zq2RPhOc45PSwQpJkrTnc2KgD6cvmA=="
    },
    "clipboard": {
      "version": "1.7.1",
      "resolved": "https://registry.npmjs.org/clipboard/-/clipboard-1.7.1.tgz",
      "integrity": "sha1-Ng1taUbpmnof7zleQrqStem1oWs=",
      "optional": true,
      "requires": {
        "good-listener": "^1.2.2",
        "select": "^1.1.2",
        "tiny-emitter": "^2.0.0"
      }
    },
    "codemirror": {
      "version": "5.39.0",
      "resolved": "https://apps.iu.edu/nxs-prd/content/groups/external-npm/codemirror/-/codemirror-5.39.0.tgz",
      "integrity": "sha512-vpJRray/0ZCt9FiS7UcVr1JAm6OBdUt6TA/94Q7MScr8TnutVdQWh/WPr0migzaBPQmYvY7I9UZNvbsaLESIuQ==",
      "dev": true
    },
    "codemirror-spell-checker": {
      "version": "1.1.2",
      "resolved": "https://apps.iu.edu/nxs-prd/content/groups/external-npm/codemirror-spell-checker/-/codemirror-spell-checker-1.1.2.tgz",
      "integrity": "sha1-HGYPkIlIPMtRE7m6nKGcP0mTNx4=",
      "dev": true,
      "requires": {
        "typo-js": "*"
      }
    },
    "delegate": {
      "version": "3.2.0",
      "resolved": "https://registry.npmjs.org/delegate/-/delegate-3.2.0.tgz",
      "integrity": "sha512-IofjkYBZaZivn0V8nnsMJGBr4jVLxHDheKSW88PyxS5QC4Vo9ZbZVvhzlSxY87fVq3STR6r+4cGepyHkcWOQSw=="
    },
    "font-awesome": {
      "version": "4.7.0",
      "resolved": "https://registry.npmjs.org/font-awesome/-/font-awesome-4.7.0.tgz",
      "integrity": "sha1-j6jPBBGhoxr9B7BtKQK7n8gVoTM="
    },
    "good-listener": {
      "version": "1.2.2",
      "resolved": "https://registry.npmjs.org/good-listener/-/good-listener-1.2.2.tgz",
      "integrity": "sha1-1TswzfkxPf+33JoNR3CWqm0UXFA=",
      "requires": {
        "delegate": "^3.1.2"
      }
    },
    "jquery": {
      "version": "3.3.1",
      "resolved": "https://apps.iu.edu/nxs-prd/content/groups/external-npm/jquery/-/jquery-3.3.1.tgz",
      "integrity": "sha512-Ubldcmxp5np52/ENotGxlLe6aGMvmF4R8S6tZjsP6Knsaxd/xp3Zrh50cG93lR6nPXyUFwzN3ZSOQI0wRJNdGg=="
    },
    "marked": {
      "version": "0.4.0",
      "resolved": "https://apps.iu.edu/nxs-prd/content/groups/external-npm/marked/-/marked-0.4.0.tgz",
      "integrity": "sha512-tMsdNBgOsrUophCAFQl0XPe6Zqk/uy9gnue+jIIKhykO51hxyu6uNx7zBPy0+y/WKYVZZMspV9YeXLNdKk+iYw==",
      "dev": true
    },
    "popper.js": {
      "version": "1.14.3",
      "resolved": "https://apps.iu.edu/nxs-prd/content/groups/external-npm/popper.js/-/popper.js-1.14.3.tgz",
      "integrity": "sha1-FDj5jQRqz3tNeM1QK/QYrGTU8JU="
    },
    "prismjs": {
      "version": "1.11.0",
      "resolved": "https://registry.npmjs.org/prismjs/-/prismjs-1.11.0.tgz",
      "integrity": "sha1-KXrvM+t5Qhv9sZJzpQkspRWXDSk=",
      "requires": {
        "clipboard": "^1.7.1"
      }
    },
    "rivet-bootstrap": {
      "version": "1.0.1-5",
      "resolved": "https://apps.iu.edu/nxs-prd/content/groups/external-npm/rivet-bootstrap/-/rivet-bootstrap-1.0.1-5.tgz",
      "integrity": "sha512-c6POXy6QmQoHe5/kQ0NmSsIFgj1n3SwxlQTqUXHKjjTqVrRejDYs8rZY1gRTU3NOOxeIKdLYBgXMNbSwTj+0uA==",
      "dev": true,
      "requires": {
        "bootstrap": "^4.0.0",
        "clipboard": "^2.0.1",
        "font-awesome": "4.7",
        "simplemde": "^1.11.2"
      },
      "dependencies": {
        "clipboard": {
          "version": "2.0.1",
          "resolved": "https://apps.iu.edu/nxs-prd/content/groups/external-npm/clipboard/-/clipboard-2.0.1.tgz",
          "integrity": "sha512-7yhQBmtN+uYZmfRjjVjKa0dZdWuabzpSKGtyQZN+9C8xlC788SSJjOHWh7tzurfwTqTD5UDYAhIv5fRJg3sHjQ==",
          "dev": true,
          "requires": {
            "good-listener": "^1.2.2",
            "select": "^1.1.2",
            "tiny-emitter": "^2.0.0"
          }
        }
      }
    },
    "select": {
      "version": "1.1.2",
      "resolved": "https://registry.npmjs.org/select/-/select-1.1.2.tgz",
      "integrity": "sha1-DnNQrN7ICxEIUoeG7B1EGNEbOW0="
    },
    "simplemde": {
      "version": "1.11.2",
      "resolved": "https://apps.iu.edu/nxs-prd/content/groups/external-npm/simplemde/-/simplemde-1.11.2.tgz",
      "integrity": "sha1-ojo12XjSxA7wfewAjJLwcNjggOM=",
      "dev": true,
      "requires": {
        "codemirror": "*",
        "codemirror-spell-checker": "*",
        "marked": "*"
      }
    },
    "tiny-emitter": {
      "version": "2.0.2",
      "resolved": "https://registry.npmjs.org/tiny-emitter/-/tiny-emitter-2.0.2.tgz",
      "integrity": "sha512-2NM0auVBGft5tee/OxP4PI3d8WItkDM+fPnaRAVo6xTDI2knbz9eC5ArWGqtGlYqiH3RU5yMpdyTTO7MguC4ow=="
    },
    "typo-js": {
      "version": "1.0.3",
      "resolved": "https://apps.iu.edu/nxs-prd/content/groups/external-npm/typo-js/-/typo-js-1.0.3.tgz",
      "integrity": "sha1-VNjrx5SfGngQkItgAsaEFSbJnVo=",
      "dev": true
    }
  }
}
